
Microsoft Visual Studio Solution File, Format Version 10.00
# Visual C++ Express 2008
Project("{8BC9CEB8-8B4A-11D0-8D11-00A0C91BC942}") = "Gen_buildfw", "Gen_buildfw\Gen_buildfw.vcproj", "{B032F794-5E9A-4888-AA62-F22A4EA940EF}"
EndProject
Global
	GlobalSection(SolutionConfigurationPlatforms) = preSolution
		Debug|Win32 = Debug|Win32
		Release|Win32 = Release|Win32
	EndGlobalSection
	GlobalSection(ProjectConfigurationPlatforms) = postSolution
		{B032F794-5E9A-4888-AA62-F22A4EA940EF}.Debug|Win32.ActiveCfg = Debug|Win32
		{B032F794-5E9A-4888-AA62-F22A4EA940EF}.Debug|Win32.Build.0 = Debug|Win32
		{B032F794-5E9A-4888-AA62-F22A4EA940EF}.Release|Win32.ActiveCfg = Release|Win32
		{B032F794-5E9A-4888-AA62-F22A4EA940EF}.Release|Win32.Build.0 = Release|Win32
	EndGlobalSection
	GlobalSection(SolutionProperties) = preSolution
		HideSolutionNode = FALSE
	EndGlobalSection
EndGlobal
